
Microsoft Visual Studio Solution File, Format Version 12.00
# Visual Studio Version 16
VisualStudioVersion = 16.0.30523.141
MinimumVisualStudioVersion = 10.0.40219.1
Project("{9A19103F-16F7-4668-BE54-9A1E7A4F7556}") = "Windore.Simulations2D", "Windore.Simulations2D\Windore.Simulations2D.csproj", "{A7D63BAA-CF32-4872-9E66-7D6F7E22AF05}"
EndProject
Project("{9A19103F-16F7-4668-BE54-9A1E7A4F7556}") = "Tests", "Windore.Tests\Tests.csproj", "{5D1E56B3-3086-4851-97DF-E3CE8DC0A55B}"
EndProject
Project("{FAE04EC0-301F-11D3-BF4B-00C04F79EFBC}") = "Windore.Simulations2D.ExampleApp", "Windore.Simulations2D.ExampleApp\Windore.Simulations2D.ExampleApp.csproj", "{852B4C9B-A615-4FA2-84E9-64E88A69F09A}"
EndProject
Global
	GlobalSection(SolutionConfigurationPlatforms) = preSolution
		Debug|Any CPU = Debug|Any CPU
		Release|Any CPU = Release|Any CPU
	EndGlobalSection
	GlobalSection(ProjectConfigurationPlatforms) = postSolution
		{A7D63BAA-CF32-4872-9E66-7D6F7E22AF05}.Debug|Any CPU.ActiveCfg = Debug|Any CPU
		{A7D63BAA-CF32-4872-9E66-7D6F7E22AF05}.Debug|Any CPU.Build.0 = Debug|Any CPU
		{A7D63BAA-CF32-4872-9E66-7D6F7E22AF05}.Release|Any CPU.ActiveCfg = Release|Any CPU
		{A7D63BAA-CF32-4872-9E66-7D6F7E22AF05}.Release|Any CPU.Build.0 = Release|Any CPU
		{5D1E56B3-3086-4851-97DF-E3CE8DC0A55B}.Debug|Any CPU.ActiveCfg = Debug|Any CPU
		{5D1E56B3-3086-4851-97DF-E3CE8DC0A55B}.Debug|Any CPU.Build.0 = Debug|Any CPU
		{5D1E56B3-3086-4851-97DF-E3CE8DC0A55B}.Release|Any CPU.ActiveCfg = Release|Any CPU
		{5D1E56B3-3086-4851-97DF-E3CE8DC0A55B}.Release|Any CPU.Build.0 = Release|Any CPU
		{852B4C9B-A615-4FA2-84E9-64E88A69F09A}.Debug|Any CPU.ActiveCfg = Debug|Any CPU
		{852B4C9B-A615-4FA2-84E9-64E88A69F09A}.Debug|Any CPU.Build.0 = Debug|Any CPU
		{852B4C9B-A615-4FA2-84E9-64E88A69F09A}.Release|Any CPU.ActiveCfg = Release|Any CPU
		{852B4C9B-A615-4FA2-84E9-64E88A69F09A}.Release|Any CPU.Build.0 = Release|Any CPU
	EndGlobalSection
	GlobalSection(SolutionProperties) = preSolution
		HideSolutionNode = FALSE
	EndGlobalSection
	GlobalSection(ExtensibilityGlobals) = postSolution
		SolutionGuid = {72E5CF9B-342B-46D4-B212-31F7918C86BF}
	EndGlobalSection
EndGlobal
